
Microsoft Visual Studio Solution File, Format Version 12.00
# Visual Studio Version 16
VisualStudioVersion = 16.0.33130.400
MinimumVisualStudioVersion = 10.0.40219.1
Project("{FAE04EC0-301F-11D3-BF4B-00C04F79EFBC}") = "ColumnSummator", "ColumnSummator.csproj", "{1CFD2720-679E-479E-97F6-1C125763F6E1}"
EndProject
Global
	GlobalSection(SolutionConfigurationPlatforms) = preSolution
		Debug|Any CPU = Debug|Any CPU
		Release|Any CPU = Release|Any CPU
	EndGlobalSection
	GlobalSection(ProjectConfigurationPlatforms) = postSolution
		{1CFD2720-679E-479E-97F6-1C125763F6E1}.Debug|Any CPU.ActiveCfg = Debug|Any CPU
		{1CFD2720-679E-479E-97F6-1C125763F6E1}.Debug|Any CPU.Build.0 = Debug|Any CPU
		{1CFD2720-679E-479E-97F6-1C125763F6E1}.Release|Any CPU.ActiveCfg = Release|Any CPU
		{1CFD2720-679E-479E-97F6-1C125763F6E1}.Release|Any CPU.Build.0 = Release|Any CPU
	EndGlobalSection
	GlobalSection(SolutionProperties) = preSolution
		HideSolutionNode = FALSE
	EndGlobalSection
	GlobalSection(ExtensibilityGlobals) = postSolution
		SolutionGuid = {DBF6FC7E-6AE0-4CAA-8139-199190FA6243}
	EndGlobalSection
EndGlobal
